PODS:
  - Alamofire (5.6.2)
  - Moya (15.0.0):
    - Moya/Core (= 15.0.0)
  - Moya/Core (15.0.0):
    - Alamofire (~> 5.0)
  - RxSwift (6.5.0)
  - SSZipArchive (2.5.2)
  - SwiftyJSON (5.0.1)

DEPENDENCIES:
  - Moya
  - RxSwift
  - SSZipArchive
  - SwiftyJSON

SPEC REPOS:
  trunk:
    - Alamofire
    - Moya
    - RxSwift
    - SSZipArchive
    - SwiftyJSON

SPEC CHECKSUMS:
  Alamofire: d368e1ff8a298e6dde360e35a3e68e6c610e7204
  Moya: 138f0573e53411fb3dc17016add0b748dfbd78ee
  RxSwift: 5710a9e6b17f3c3d6e40d6e559b9fa1e813b2ef8
  SSZipArchive: 155943602f0dd5ca75464bcb77e57a0bf33144a5
  SwiftyJSON: 2f33a42c6fbc52764d96f13368585094bfd8aa5e

PODFILE CHECKSUM: 7f9514071f3803f6a4baf3867511fdf318d086b0

COCOAPODS: 1.11.3
